
Microsoft Visual Studio Solution File, Format Version 12.00
# Visual Studio Version 17
VisualStudioVersion = 17.11.35208.52
MinimumVisualStudioVersion = 10.0.40219.1
Project("{FAE04EC0-301F-11D3-BF4B-00C04F79EFBC}") = "lab_10", "lab_10\lab_10.csproj", "{117159E9-A454-46D0-A0BF-98E3DD10DA99}"
EndProject
Global
	GlobalSection(SolutionConfigurationPlatforms) = preSolution
		Debug|Any CPU = Debug|Any CPU
		Release|Any CPU = Release|Any CPU
	EndGlobalSection
	GlobalSection(ProjectConfigurationPlatforms) = postSolution
		{117159E9-A454-46D0-A0BF-98E3DD10DA99}.Debug|Any CPU.ActiveCfg = Debug|Any CPU
		{117159E9-A454-46D0-A0BF-98E3DD10DA99}.Debug|Any CPU.Build.0 = Debug|Any CPU
		{117159E9-A454-46D0-A0BF-98E3DD10DA99}.Release|Any CPU.ActiveCfg = Release|Any CPU
		{117159E9-A454-46D0-A0BF-98E3DD10DA99}.Release|Any CPU.Build.0 = Release|Any CPU
	EndGlobalSection
	GlobalSection(SolutionProperties) = preSolution
		HideSolutionNode = FALSE
	EndGlobalSection
	GlobalSection(ExtensibilityGlobals) = postSolution
		SolutionGuid = {5691D74B-E542-48A8-8C7E-1553B67698AC}
	EndGlobalSection
EndGlobal
