
Microsoft Visual Studio Solution File, Format Version 12.00
# Visual Studio Version 17
VisualStudioVersion = 17.11.35208.52
MinimumVisualStudioVersion = 10.0.40219.1
Project("{FAE04EC0-301F-11D3-BF4B-00C04F79EFBC}") = "lab_05", "lab_05\lab_05.csproj", "{ECC00A7E-809B-4FF1-B79D-45AB268C1BEE}"
EndProject
Global
	GlobalSection(SolutionConfigurationPlatforms) = preSolution
		Debug|Any CPU = Debug|Any CPU
		Release|Any CPU = Release|Any CPU
	EndGlobalSection
	GlobalSection(ProjectConfigurationPlatforms) = postSolution
		{ECC00A7E-809B-4FF1-B79D-45AB268C1BEE}.Debug|Any CPU.ActiveCfg = Debug|Any CPU
		{ECC00A7E-809B-4FF1-B79D-45AB268C1BEE}.Debug|Any CPU.Build.0 = Debug|Any CPU
		{ECC00A7E-809B-4FF1-B79D-45AB268C1BEE}.Release|Any CPU.ActiveCfg = Release|Any CPU
		{ECC00A7E-809B-4FF1-B79D-45AB268C1BEE}.Release|Any CPU.Build.0 = Release|Any CPU
	EndGlobalSection
	GlobalSection(SolutionProperties) = preSolution
		HideSolutionNode = FALSE
	EndGlobalSection
	GlobalSection(ExtensibilityGlobals) = postSolution
		SolutionGuid = {226FEA23-9985-488D-B3EB-EBBDAE4CAF37}
	EndGlobalSection
EndGlobal
